
Microsoft Visual Studio Solution File, Format Version 12.00
# Visual Studio Version 17
VisualStudioVersion = 17.6.33723.286
MinimumVisualStudioVersion = 10.0.40219.1
Project("{FAE04EC0-301F-11D3-BF4B-00C04F79EFBC}") = "GYM-Management-System", "GYM-Management-System\GYM-Management-System.csproj", "{0086D911-173A-4C5C-B698-42BBF486F68D}"
EndProject
Global
	GlobalSection(SolutionConfigurationPlatforms) = preSolution
		Debug|Any CPU = Debug|Any CPU
		Release|Any CPU = Release|Any CPU
	EndGlobalSection
	GlobalSection(ProjectConfigurationPlatforms) = postSolution
		{0086D911-173A-4C5C-B698-42BBF486F68D}.Debug|Any CPU.ActiveCfg = Debug|Any CPU
		{0086D911-173A-4C5C-B698-42BBF486F68D}.Debug|Any CPU.Build.0 = Debug|Any CPU
		{0086D911-173A-4C5C-B698-42BBF486F68D}.Release|Any CPU.ActiveCfg = Release|Any CPU
		{0086D911-173A-4C5C-B698-42BBF486F68D}.Release|Any CPU.Build.0 = Release|Any CPU
	EndGlobalSection
	GlobalSection(SolutionProperties) = preSolution
		HideSolutionNode = FALSE
	EndGlobalSection
	GlobalSection(ExtensibilityGlobals) = postSolution
		SolutionGuid = {3A49BB8A-9298-42EC-9A57-2A252DC1946C}
	EndGlobalSection
EndGlobal
